
Microsoft Visual Studio Solution File, Format Version 12.00
# Visual Studio 15
VisualStudioVersion = 15.0.27703.2042
MinimumVisualStudioVersion = 10.0.40219.1
Project("{FAE04EC0-301F-11D3-BF4B-00C04F79EFBC}") = "SSRSpdfExport", "SSRSpdfExport\SSRSpdfExport.csproj", "{C5A8FF00-ECC8-49AF-BE2F-3ADD11513669}"
EndProject
Global
	GlobalSection(SolutionConfigurationPlatforms) = preSolution
		Debug|Any CPU = Debug|Any CPU
		Release|Any CPU = Release|Any CPU
	EndGlobalSection
	GlobalSection(ProjectConfigurationPlatforms) = postSolution
		{C5A8FF00-ECC8-49AF-BE2F-3ADD11513669}.Debug|Any CPU.ActiveCfg = Debug|Any CPU
		{C5A8FF00-ECC8-49AF-BE2F-3ADD11513669}.Debug|Any CPU.Build.0 = Debug|Any CPU
		{C5A8FF00-ECC8-49AF-BE2F-3ADD11513669}.Release|Any CPU.ActiveCfg = Release|Any CPU
		{C5A8FF00-ECC8-49AF-BE2F-3ADD11513669}.Release|Any CPU.Build.0 = Release|Any CPU
	EndGlobalSection
	GlobalSection(SolutionProperties) = preSolution
		HideSolutionNode = FALSE
	EndGlobalSection
	GlobalSection(ExtensibilityGlobals) = postSolution
		SolutionGuid = {F6CD8A30-216B-41B0-AE2E-ABD45DDCD576}
	EndGlobalSection
EndGlobal
